{
  "name": "mac-key-press",
  "version": "0.3.0",
  "lockfileVersion": 1,
  "requires": true,
  "dependencies": {
    "node-addon-api": {
      "version": "1.6.0",
      "resolved": "https://registry.npmjs.org/node-addon-api/-/node-addon-api-1.6.0.tgz",
      "integrity": "sha512-HEUPBHfdH4CLR1Qq4/Ek8GT/qFSvpApjJQmcYdLCL51ADU/Y11kMuFAdIevhNrPh3ylqVGA8k6vI/oi4YUAHbA=="
    }
  }
}
